{
  "name": "starter-template-basic-javascript",
  "version": "1.0.0",
  "lockfileVersion": 2,
  "requires": true,
  "packages": {
    "": {
      "name": "starter-template-basic-javascript",
      "version": "1.0.0",
      "license": "MIT",
      "devDependencies": {
        "phasereditor2d-launcher": "^3.32.0",
        "phasereditor2d-ninepatch-plugin": "^1.2.0"
      }
    },
    "node_modules/adm-zip": {
      "version": "0.5.10",
      "resolved": "https://registry.npmjs.org/adm-zip/-/adm-zip-0.5.10.tgz",
      "integrity": "sha512-x0HvcHqVJNTPk/Bw8JbLWlWoo6Wwnsug0fnYYro1HBrjxZ3G7/AZk7Ahv8JwDe1uIcz8eBqvu86FuF1POiG7vQ==",
      "dev": true,
      "engines": {
        "node": ">=6.0"
      }
    },
    "node_modules/phasereditor2d-launcher": {
      "version": "3.36.2",
      "resolved": "https://registry.npmjs.org/phasereditor2d-launcher/-/phasereditor2d-launcher-3.36.2.tgz",
      "integrity": "sha512-tes2DE//U7WFJV/CX4mJNqM7NtokLqnUWOBTYPJQRfD5uLO8aDqcNwIQFNAOwR/8X5fHKtA41jk/HkTfZ9+oZg==",
      "dev": true,
      "dependencies": {
        "adm-zip": "^0.5.5"
      },
      "bin": {
        "phasereditor2d-launcher": "cli.js"
      }
    },
    "node_modules/phasereditor2d-ninepatch-plugin": {
      "version": "1.2.0",
      "resolved": "https://registry.npmjs.org/phasereditor2d-ninepatch-plugin/-/phasereditor2d-ninepatch-plugin-1.2.0.tgz",
      "integrity": "sha512-lW3c9AaVqQ163tLEf0ycQcgprj+KIKlmpvkRZ+BeYddgorlSZnjuIc0I5ZpQ46w4NS4yZXKewEsw3fEPh+Jl4g==",
      "dev": true
    }
  },
  "dependencies": {
    "adm-zip": {
      "version": "0.5.10",
      "resolved": "https://registry.npmjs.org/adm-zip/-/adm-zip-0.5.10.tgz",
      "integrity": "sha512-x0HvcHqVJNTPk/Bw8JbLWlWoo6Wwnsug0fnYYro1HBrjxZ3G7/AZk7Ahv8JwDe1uIcz8eBqvu86FuF1POiG7vQ==",
      "dev": true
    },
    "phasereditor2d-launcher": {
      "version": "3.36.2",
      "resolved": "https://registry.npmjs.org/phasereditor2d-launcher/-/phasereditor2d-launcher-3.36.2.tgz",
      "integrity": "sha512-tes2DE//U7WFJV/CX4mJNqM7NtokLqnUWOBTYPJQRfD5uLO8aDqcNwIQFNAOwR/8X5fHKtA41jk/HkTfZ9+oZg==",
      "dev": true,
      "requires": {
        "adm-zip": "^0.5.5"
      }
    },
    "phasereditor2d-ninepatch-plugin": {
      "version": "1.2.0",
      "resolved": "https://registry.npmjs.org/phasereditor2d-ninepatch-plugin/-/phasereditor2d-ninepatch-plugin-1.2.0.tgz",
      "integrity": "sha512-lW3c9AaVqQ163tLEf0ycQcgprj+KIKlmpvkRZ+BeYddgorlSZnjuIc0I5ZpQ46w4NS4yZXKewEsw3fEPh+Jl4g==",
      "dev": true
    }
  }
}
